// !$*UTF8*$!
{
	archiveVersion = 1;
	classes = {
	};
	objectVersion = 46;
	objects = {

/* Begin PBXBuildFile section */
		C7990B111E3797CB00140F68 /* TableViewController.swift in Sources */ = {isa = PBXBuildFile; fileRef = C7990B0E1E3797CB00140F68 /* TableViewController.swift */; };
		C7990B121E3797CB00140F68 /* LinkTextView.swift in Sources */ = {isa = PBXBuildFile; fileRef = C7990B0F1E3797CB00140F68 /* LinkTextView.swift */; };
		C7990B131E3797CB00140F68 /* TextViewCell.swift in Sources */ = {isa = PBXBuildFile; fileRef = C7990B101E3797CB00140F68 /* TextViewCell.swift */; };
		C7E8B6FD1E37621400F2DA42 /* AppDelegate.swift in Sources */ = {isa = PBXBuildFile; fileRef = C7E8B6FC1E37621400F2DA42 /* AppDelegate.swift */; };
		C7E8B7021E37621400F2DA42 /* Main.storyboard in Resources */ = {isa = PBXBuildFile; fileRef = C7E8B7001E37621400F2DA42 /* Main.storyboard */; };
		C7E8B7041E37621400F2DA42 /* Assets.xcassets in Resources */ = {isa = PBXBuildFile; fileRef = C7E8B7031E37621400F2DA42 /* Assets.xcassets */; };
		C7E8B7071E37621400F2DA42 /* LaunchScreen.storyboard in Resources */ = {isa = PBXBuildFile; fileRef = C7E8B7051E37621400F2DA42 /* LaunchScreen.storyboard */; };
/* End PBXBuildFile section */

/* Begin PBXFileReference section */
		C7990B0E1E3797CB00140F68 /* TableViewController.swift */ = {isa = PBXFileReference; fileEncoding = 4; lastKnownFileType = sourcecode.swift; path = TableViewController.swift; sourceTree = "<group>"; };
		C7990B0F1E3797CB00140F68 /* LinkTextView.swift */ = {isa = PBXFileReference; fileEncoding = 4; lastKnownFileType = sourcecode.swift; path = LinkTextView.swift; sourceTree = "<group>"; };
		C7990B101E3797CB00140F68 /* TextViewCell.swift */ = {isa = PBXFileReference; fileEncoding = 4; lastKnownFileType = sourcecode.swift; path = TextViewCell.swift; sourceTree = "<group>"; };
		C7E8B6F91E37621400F2DA42 /* LinkedTextViewCell.app */ = {isa = PBXFileReference; explicitFileType = wrapper.application; includeInIndex = 0; path = LinkedTextViewCell.app; sourceTree = BUILT_PRODUCTS_DIR; };
		C7E8B6FC1E37621400F2DA42 /* AppDelegate.swift */ = {isa = PBXFileReference; lastKnownFileType = sourcecode.swift; path = AppDelegate.swift; sourceTree = "<group>"; };
		C7E8B7011E37621400F2DA42 /* Base */ = {isa = PBXFileReference; lastKnownFileType = file.storyboard; name = Base; path = Base.lproj/Main.storyboard; sourceTree = "<group>"; };
		C7E8B7031E37621400F2DA42 /* Assets.xcassets */ = {isa = PBXFileReference; lastKnownFileType = folder.assetcatalog; path = Assets.xcassets; sourceTree = "<group>"; };
		C7E8B7061E37621400F2DA42 /* Base */ = {isa = PBXFileReference; lastKnownFileType = file.storyboard; name = Base; path = Base.lproj/LaunchScreen.storyboard; sourceTree = "<group>"; };
		C7E8B7081E37621400F2DA42 /* Info.plist */ = {isa = PBXFileReference; lastKnownFileType = text.plist.xml; path = Info.plist; sourceTree = "<group>"; };
/* End PBXFileReference section */

/* Begin PBXFrameworksBuildPhase section */
		C7E8B6F61E37621400F2DA42 /* Frameworks */ = {
			isa = PBXFrameworksBuildPhase;
			buildActionMask = 2147483647;
			files = (
			);
			runOnlyForDeploymentPostprocessing = 0;
		};
/* End PBXFrameworksBuildPhase section */

/* Begin PBXGroup section */
		C7E8B6F01E37621400F2DA42 = {
			isa = PBXGroup;
			children = (
				C7E8B6FB1E37621400F2DA42 /* LinkedTextViewCell */,
				C7E8B6FA1E37621400F2DA42 /* Products */,
			);
			sourceTree = "<group>";
		};
		C7E8B6FA1E37621400F2DA42 /* Products */ = {
			isa = PBXGroup;
			children = (
				C7E8B6F91E37621400F2DA42 /* LinkedTextViewCell.app */,
			);
			name = Products;
			sourceTree = "<group>";
		};
		C7E8B6FB1E37621400F2DA42 /* LinkedTextViewCell */ = {
			isa = PBXGroup;
			children = (
				C7E8B6FC1E37621400F2DA42 /* AppDelegate.swift */,
				C7E8B7001E37621400F2DA42 /* Main.storyboard */,
				C7990B0E1E3797CB00140F68 /* TableViewController.swift */,
				C7990B101E3797CB00140F68 /* TextViewCell.swift */,
				C7990B0F1E3797CB00140F68 /* LinkTextView.swift */,
				C7E8B7031E37621400F2DA42 /* Assets.xcassets */,
				C7E8B7051E37621400F2DA42 /* LaunchScreen.storyboard */,
				C7E8B7081E37621400F2DA42 /* Info.plist */,
			);
			path = LinkedTextViewCell;
			sourceTree = "<group>";
		};
/* End PBXGroup section */

/* Begin PBXNativeTarget section */
		C7E8B6F81E37621400F2DA42 /* LinkedTextViewCell */ = {
			isa = PBXNativeTarget;
			buildConfigurationList = C7E8B70B1E37621400F2DA42 /* Build configuration list for PBXNativeTarget "LinkedTextViewCell" */;
			buildPhases = (
				C7E8B6F51E37621400F2DA42 /* Sources */,
				C7E8B6F61E37621400F2DA42 /* Frameworks */,
				C7E8B6F71E37621400F2DA42 /* Resources */,
			);
			buildRules = (
			);
			dependencies = (
			);
			name = LinkedTextViewCell;
			productName = LinkedTextViewCell;
			productReference = C7E8B6F91E37621400F2DA42 /* LinkedTextViewCell.app */;
			productType = "com.apple.product-type.application";
		};
/* End PBXNativeTarget section */

/* Begin PBXProject section */
		C7E8B6F11E37621400F2DA42 /* Project object */ = {
			isa = PBXProject;
			attributes = {
				LastSwiftUpdateCheck = 0820;
				LastUpgradeCheck = 0820;
				ORGANIZATIONNAME = "Imanou Petit";
				TargetAttributes = {
					C7E8B6F81E37621400F2DA42 = {
						CreatedOnToolsVersion = 8.2.1;
						DevelopmentTeam = SS584US562;
						ProvisioningStyle = Automatic;
					};
				};
			};
			buildConfigurationList = C7E8B6F41E37621400F2DA42 /* Build configuration list for PBXProject "LinkedTextViewCell" */;
			compatibilityVersion = "Xcode 3.2";
			developmentRegion = English;
			hasScannedForEncodings = 0;
			knownRegions = (
				en,
				Base,
			);
			mainGroup = C7E8B6F01E37621400F2DA42;
			productRefGroup = C7E8B6FA1E37621400F2DA42 /* Products */;
			projectDirPath = "";
			projectRoot = "";
			targets = (
				C7E8B6F81E37621400F2DA42 /* LinkedTextViewCell */,
			);
		};
/* End PBXProject section */

/* Begin PBXResourcesBuildPhase section */
		C7E8B6F71E37621400F2DA42 /* Resources */ = {
			isa = PBXResourcesBuildPhase;
			buildActionMask = 2147483647;
			files = (
				C7E8B7071E37621400F2DA42 /* LaunchScreen.storyboard in Resources */,
				C7E8B7041E37621400F2DA42 /* Assets.xcassets in Resources */,
				C7E8B7021E37621400F2DA42 /* Main.storyboard in Resources */,
			);
			runOnlyForDeploymentPostprocessing = 0;
		};
/* End PBXResourcesBuildPhase section */

/* Begin PBXSourcesBuildPhase section */
		C7E8B6F51E37621400F2DA42 /* Sources */ = {
			isa = PBXSourcesBuildPhase;
			buildActionMask = 2147483647;
			files = (
				C7E8B6FD1E37621400F2DA42 /* AppDelegate.swift in Sources */,
				C7990B131E3797CB00140F68 /* TextViewCell.swift in Sources */,
				C7990B111E3797CB00140F68 /* TableViewController.swift in Sources */,
				C7990B121E3797CB00140F68 /* LinkTextView.swift in Sources */,
			);
			runOnlyForDeploymentPostprocessing = 0;
		};
/* End PBXSourcesBuildPhase section */

/* Begin PBXVariantGroup section */
		C7E8B7001E37621400F2DA42 /* Main.storyboard */ = {
			isa = PBXVariantGroup;
			children = (
				C7E8B7011E37621400F2DA42 /* Base */,
			);
			name = Main.storyboard;
			sourceTree = "<group>";
		};
		C7E8B7051E37621400F2DA42 /* LaunchScreen.storyboard */ = {
			isa = PBXVariantGroup;
			children = (
				C7E8B7061E37621400F2DA42 /* Base */,
			);
			name = LaunchScreen.storyboard;
			sourceTree = "<group>";
		};
/* End PBXVariantGroup section */

/* Begin XCBuildConfiguration section */
		C7E8B7091E37621400F2DA42 /* Debug */ = {
			isa = XCBuildConfiguration;
			buildSettings = {
				ALWAYS_SEARCH_USER_PATHS = NO;
				CLANG_ANALYZER_NONNULL = YES;
				CLANG_CXX_LANGUAGE_STANDARD = "gnu++0x";
				CLANG_CXX_LIBRARY = "libc++";
				CLANG_ENABLE_MODULES = YES;
				CLANG_ENABLE_OBJC_ARC = YES;
				CLANG_WARN_BOOL_CONVERSION = YES;
				CLANG_WARN_CONSTANT_CONVERSION = YES;
				CLANG_WARN_DIRECT_OBJC_ISA_USAGE = YES_ERROR;
				CLANG_WARN_DOCUMENTATION_COMMENTS = YES;
				CLANG_WARN_EMPTY_BODY = YES;
				CLANG_WARN_ENUM_CONVERSION = YES;
				CLANG_WARN_INFINITE_RECURSION = YES;
				CLANG_WARN_INT_CONVERSION = YES;
				CLANG_WARN_OBJC_ROOT_CLASS = YES_ERROR;
				CLANG_WARN_SUSPICIOUS_MOVE = YES;
				CLANG_WARN_UNREACHABLE_CODE = YES;
				CLANG_WARN__DUPLICATE_METHOD_MATCH = YES;
				"CODE_SIGN_IDENTITY[sdk=iphoneos*]" = "iPhone Developer";
				COPY_PHASE_STRIP = NO;
				DEBUG_INFORMATION_FORMAT = dwarf;
				ENABLE_STRICT_OBJC_MSGSEND = YES;
				ENABLE_TESTABILITY = YES;
				GCC_C_LANGUAGE_STANDARD = gnu99;
				GCC_DYNAMIC_NO_PIC = NO;
				GCC_NO_COMMON_BLOCKS = YES;
				GCC_OPTIMIZATION_LEVEL = 0;
				GCC_PREPROCESSOR_DEFINITIONS = (
					"DEBUG=1",
					"$(inherited)",
				);
				GCC_WARN_64_TO_32_BIT_CONVERSION = YES;
				GCC_WARN_ABOUT_RETURN_TYPE = YES_ERROR;
				GCC_WARN_UNDECLARED_SELECTOR = YES;
				GCC_WARN_UNINITIALIZED_AUTOS = YES_AGGRESSIVE;
				GCC_WARN_UNUSED_FUNCTION = YES;
				GCC_WARN_UNUSED_VARIABLE = YES;
				IPHONEOS_DEPLOYMENT_TARGET = 10.2;
				MTL_ENABLE_DEBUG_INFO = YES;
				ONLY_ACTIVE_ARCH = YES;
				SDKROOT = iphoneos;
				SWIFT_ACTIVE_COMPILATION_CONDITIONS = DEBUG;
				SWIFT_OPTIMIZATION_LEVEL = "-Onone";
				TARGETED_DEVICE_FAMILY = "1,2";
			};
			name = Debug;
		};
		C7E8B70A1E37621400F2DA42 /* Release */ = {
			isa = XCBuildConfiguration;
			buildSettings = {
				ALWAYS_SEARCH_USER_PATHS = NO;
				CLANG_ANALYZER_NONNULL = YES;
				CLANG_CXX_LANGUAGE_STANDARD = "gnu++0x";
				CLANG_CXX_LIBRARY = "libc++";
				CLANG_ENABLE_MODULES = YES;
				CLANG_ENABLE_OBJC_ARC = YES;
				CLANG_WARN_BOOL_CONVERSION = YES;
				CLANG_WARN_CONSTANT_CONVERSION = YES;
				CLANG_WARN_DIRECT_OBJC_ISA_USAGE = YES_ERROR;
				CLANG_WARN_DOCUMENTATION_COMMENTS = YES;
				CLANG_WARN_EMPTY_BODY = YES;
				CLANG_WARN_ENUM_CONVERSION = YES;
				CLANG_WARN_INFINITE_RECURSION = YES;
				CLANG_WARN_INT_CONVERSION = YES;
				CLANG_WARN_OBJC_ROOT_CLASS = YES_ERROR;
				CLANG_WARN_SUSPICIOUS_MOVE = YES;
				CLANG_WARN_UNREACHABLE_CODE = YES;
				CLANG_WARN__DUPLICATE_METHOD_MATCH = YES;
				"CODE_SIGN_IDENTITY[sdk=iphoneos*]" = "iPhone Developer";
				COPY_PHASE_STRIP = NO;
				DEBUG_INFORMATION_FORMAT = "dwarf-with-dsym";
				ENABLE_NS_ASSERTIONS = NO;
				ENABLE_STRICT_OBJC_MSGSEND = YES;
				GCC_C_LANGUAGE_STANDARD = gnu99;
				GCC_NO_COMMON_BLOCKS = YES;
				GCC_WARN_64_TO_32_BIT_CONVERSION = YES;
				GCC_WARN_ABOUT_RETURN_TYPE = YES_ERROR;
				GCC_WARN_UNDECLARED_SELECTOR = YES;
				GCC_WARN_UNINITIALIZED_AUTOS = YES_AGGRESSIVE;
				GCC_WARN_UNUSED_FUNCTION = YES;
				GCC_WARN_UNUSED_VARIABLE = YES;
				IPHONEOS_DEPLOYMENT_TARGET = 10.2;
				MTL_ENABLE_DEBUG_INFO = NO;
				SDKROOT = iphoneos;
				SWIFT_OPTIMIZATION_LEVEL = "-Owholemodule";
				TARGETED_DEVICE_FAMILY = "1,2";
				VALIDATE_PRODUCT = YES;
			};
			name = Release;
		};
		C7E8B70C1E37621400F2DA42 /* Debug */ = {
			isa = XCBuildConfiguration;
			buildSettings = {
				ASSETCATALOG_COMPILER_APPICON_NAME = AppIcon;
				DEVELOPMENT_TEAM = SS584US562;
				INFOPLIST_FILE = LinkedTextViewCell/Info.plist;
				LD_RUNPATH_SEARCH_PATHS = "$(inherited) @executable_path/Frameworks";
				PRODUCT_BUNDLE_IDENTIFIER = com.imanoupetit.LinkedTextViewCell;
				PRODUCT_NAME = "$(TARGET_NAME)";
				SWIFT_VERSION = 3.0;
			};
			name = Debug;
		};
		C7E8B70D1E37621400F2DA42 /* Release */ = {
			isa = XCBuildConfiguration;
			buildSettings = {
				ASSETCATALOG_COMPILER_APPICON_NAME = AppIcon;
				DEVELOPMENT_TEAM = SS584US562;
				INFOPLIST_FILE = LinkedTextViewCell/Info.plist;
				LD_RUNPATH_SEARCH_PATHS = "$(inherited) @executable_path/Frameworks";
				PRODUCT_BUNDLE_IDENTIFIER = com.imanoupetit.LinkedTextViewCell;
				PRODUCT_NAME = "$(TARGET_NAME)";
				SWIFT_VERSION = 3.0;
			};
			name = Release;
		};
/* End XCBuildConfiguration section */

/* Begin XCConfigurationList section */
		C7E8B6F41E37621400F2DA42 /* Build configuration list for PBXProject "LinkedTextViewCell" */ = {
			isa = XCConfigurationList;
			buildConfigurations = (
				C7E8B7091E37621400F2DA42 /* Debug */,
				C7E8B70A1E37621400F2DA42 /* Release */,
			);
			defaultConfigurationIsVisible = 0;
			defaultConfigurationName = Release;
		};
		C7E8B70B1E37621400F2DA42 /* Build configuration list for PBXNativeTarget "LinkedTextViewCell" */ = {
			isa = XCConfigurationList;
			buildConfigurations = (
				C7E8B70C1E37621400F2DA42 /* Debug */,
				C7E8B70D1E37621400F2DA42 /* Release */,
			);
			defaultConfigurationIsVisible = 0;
			defaultConfigurationName = Release;
		};
/* End XCConfigurationList section */
	};
	rootObject = C7E8B6F11E37621400F2DA42 /* Project object */;
}
